PATH
  remote: .
  specs:
    rivulet-opentelemetry (0.2.0)
      dry-cli
      opentelemetry-exporter-otlp
      opentelemetry-exporter-otlp-logs
      opentelemetry-exporter-otlp-metrics
      opentelemetry-instrumentation-rack
      opentelemetry-logs-sdk
      opentelemetry-metrics-sdk
      opentelemetry-sdk
      rivulet-rb (>= 0.3.0)

GEM
  remote: https://rubygems.org/
  specs:
    bigdecimal (4.1.2)
    concurrent-ruby (1.3.7)
    diff-lcs (1.6.2)
    dry-auto_inject (1.2.1)
      dry-core (~> 1.1)
      zeitwerk (~> 2.6)
    dry-cli (1.4.1)
    dry-configurable (1.4.0)
      dry-core (~> 1.0)
      zeitwerk (~> 2.6)
    dry-core (1.2.0)
      concurrent-ruby (~> 1.0)
      logger
      zeitwerk (~> 2.6)
    dry-inflector (1.3.1)
    dry-initializer (3.2.0)
    dry-logger (1.2.2)
      logger
    dry-logic (1.6.0)
      bigdecimal
      concurrent-ruby (~> 1.0)
      dry-core (~> 1.1)
      zeitwerk (~> 2.6)
    dry-monads (1.10.0)
      concurrent-ruby (~> 1.0)
      dry-core (~> 1.1)
      zeitwerk (~> 2.6)
    dry-operation (1.1.0)
      dry-monads (~> 1.6)
      zeitwerk (~> 2.6)
    dry-schema (1.16.0)
      concurrent-ruby (~> 1.0)
      dry-configurable (~> 1.0, >= 1.0.1)
      dry-core (~> 1.1)
      dry-initializer (~> 3.2)
      dry-logic (~> 1.6)
      dry-types (~> 1.9, >= 1.9.1)
      zeitwerk (~> 2.6)
    dry-transformer (1.1.0)
      bigdecimal
      zeitwerk (~> 2.6)
    dry-types (1.9.1)
      bigdecimal (>= 3.0)
      concurrent-ruby (~> 1.0)
      dry-core (~> 1.0)
      dry-inflector (~> 1.0)
      dry-logic (~> 1.4)
      zeitwerk (~> 2.6)
    dry-validation (1.11.1)
      concurrent-ruby (~> 1.0)
      dry-core (~> 1.1)
      dry-initializer (~> 3.2)
      dry-schema (~> 1.14)
      zeitwerk (~> 2.6)
    google-protobuf (4.35.1)
      bigdecimal
      rake (~> 13.3)
    google-protobuf (4.35.1-aarch64-linux-gnu)
      bigdecimal
      rake (~> 13.3)
    google-protobuf (4.35.1-aarch64-linux-musl)
      bigdecimal
      rake (~> 13.3)
    google-protobuf (4.35.1-arm64-darwin)
      bigdecimal
      rake (~> 13.3)
    google-protobuf (4.35.1-x86-linux-gnu)
      bigdecimal
      rake (~> 13.3)
    google-protobuf (4.35.1-x86-linux-musl)
      bigdecimal
      rake (~> 13.3)
    google-protobuf (4.35.1-x86_64-darwin)
      bigdecimal
      rake (~> 13.3)
    google-protobuf (4.35.1-x86_64-linux-gnu)
      bigdecimal
      rake (~> 13.3)
    google-protobuf (4.35.1-x86_64-linux-musl)
      bigdecimal
      rake (~> 13.3)
    googleapis-common-protos-types (1.23.0)
      google-protobuf (~> 4.26)
    logger (1.7.0)
    oj (3.17.3)
      bigdecimal (>= 3.0)
      ostruct (>= 0.2)
    opentelemetry-api (1.10.1)
      logger
    opentelemetry-common (0.25.1)
      opentelemetry-api (~> 1.0)
    opentelemetry-exporter-otlp (0.34.1)
      google-protobuf (>= 3.18)
      googleapis-common-protos-types (~> 1.3)
      opentelemetry-api (~> 1.1)
      opentelemetry-common (~> 0.20)
      opentelemetry-sdk (~> 1.10)
      opentelemetry-semantic_conventions
    opentelemetry-exporter-otlp-logs (0.5.1)
      google-protobuf (>= 3.18)
      googleapis-common-protos-types (~> 1.3)
      opentelemetry-api (~> 1.1)
      opentelemetry-common (~> 0.20)
      opentelemetry-logs-api (~> 0.1)
      opentelemetry-logs-sdk (~> 0.1)
      opentelemetry-sdk
      opentelemetry-semantic_conventions
    opentelemetry-exporter-otlp-metrics (0.10.0)
      google-protobuf (>= 3.18, < 5.0)
      googleapis-common-protos-types (~> 1.3)
      opentelemetry-api (~> 1.1)
      opentelemetry-common (~> 0.20)
      opentelemetry-metrics-api (~> 0.2)
      opentelemetry-metrics-sdk (~> 0.5)
      opentelemetry-sdk (~> 1.2)
      opentelemetry-semantic_conventions
    opentelemetry-instrumentation-base (0.26.1)
      opentelemetry-api (~> 1.7)
      opentelemetry-common (~> 0.21)
      opentelemetry-registry (~> 0.1)
    opentelemetry-instrumentation-rack (0.31.1)
      opentelemetry-instrumentation-base (~> 0.25)
    opentelemetry-logs-api (0.4.1)
      opentelemetry-api (~> 1.0)
    opentelemetry-logs-sdk (0.6.1)
      opentelemetry-api (~> 1.2)
      opentelemetry-logs-api (~> 0.1)
      opentelemetry-sdk (~> 1.3)
    opentelemetry-metrics-api (0.6.1)
      opentelemetry-api (~> 1.0)
    opentelemetry-metrics-sdk (0.15.0)
      opentelemetry-api (~> 1.1)
      opentelemetry-metrics-api (~> 0.2)
      opentelemetry-sdk (~> 1.2)
    opentelemetry-registry (0.6.1)
      opentelemetry-api (~> 1.1)
    opentelemetry-sdk (1.12.1)
      logger
      opentelemetry-api (~> 1.1)
      opentelemetry-common (~> 0.20)
      opentelemetry-registry (~> 0.2)
      opentelemetry-semantic_conventions
    opentelemetry-semantic_conventions (1.43.0)
      opentelemetry-api (~> 1.0)
    ostruct (0.6.3)
    protocol-http (0.62.2)
    rack (3.2.6)
    rake (13.4.2)
    rivulet-rb (0.3.0)
      dry-auto_inject
      dry-cli
      dry-configurable
      dry-core
      dry-inflector
      dry-logger
      dry-monads
      dry-operation
      dry-transformer
      dry-validation
      oj
      protocol-http
      rack
      sequel
      zeitwerk
    rspec (3.13.2)
      rspec-core (~> 3.13.0)
      rspec-expectations (~> 3.13.0)
      rspec-mocks (~> 3.13.0)
    rspec-core (3.13.6)
      rspec-support (~> 3.13.0)
    rspec-expectations (3.13.5)
      diff-lcs (>= 1.2.0, < 2.0)
      rspec-support (~> 3.13.0)
    rspec-mocks (3.13.8)
      diff-lcs (>= 1.2.0, < 2.0)
      rspec-support (~> 3.13.0)
    rspec-support (3.13.7)
    sequel (5.106.0)
      bigdecimal
    zeitwerk (2.8.2)

PLATFORMS
  aarch64-linux-gnu
  aarch64-linux-musl
  arm64-darwin
  ruby
  x86-linux-gnu
  x86-linux-musl
  x86_64-darwin
  x86_64-linux-gnu
  x86_64-linux-musl

DEPENDENCIES
  rake
  rivulet-opentelemetry!
  rspec

CHECKSUMS
  bigdecimal (4.1.2) sha256=53d217666027eab4280346fba98e7d5b66baaae1b9c3c1c0ffe89d48188a3fbd
  concurrent-ruby (1.3.7) sha256=4412caec3a5ea2e5fdc52076724c071a81f2c0593d83b2ac8cbb8ca63b3151b0
  diff-lcs (1.6.2) sha256=9ae0d2cba7d4df3075fe8cd8602a8604993efc0dfa934cff568969efb1909962
  dry-auto_inject (1.2.1) sha256=dedddc8a13fcdf320def7d6741ce7d6da48d749c6d43175ef0072c0be2ba47c8
  dry-cli (1.4.1) sha256=b8015bb76c708aa8705a36faf694973e75eeeffca39b89c8e172dc6f66a7d874
  dry-configurable (1.4.0) sha256=e35d1b5f3c081753ef361f564919db79000f32cfa6f20ee3a3ba5921b41b73ce
  dry-core (1.2.0) sha256=0cc5a7da88df397f153947eeeae42e876e999c1e30900f3c536fb173854e96a1
  dry-inflector (1.3.1) sha256=7fb0c2bb04f67638f25c52e7ba39ab435d922a3a5c3cd196120f63accb682dcc
  dry-initializer (3.2.0) sha256=37d59798f912dc0a1efe14a4db4a9306989007b302dcd5f25d0a2a20c166c4e3
  dry-logger (1.2.2) sha256=eaf91bbc131135b2148d779fb22b8aff4a1b1ad616c721dab6d113beaa5e41c7
  dry-logic (1.6.0) sha256=da6fedbc0f90fc41f9b0cc7e6f05f5d529d1efaef6c8dcc8e0733f685745cea2
  dry-monads (1.10.0) sha256=68c90d77617c6ce88d60704fc3b233907e6320974152fe75ad947f968006ca39
  dry-operation (1.1.0) sha256=db4227ac0c9313c0c84eda4e26539dcc1e1aae9effdf9e60a397ab2a90a01b92
  dry-schema (1.16.0) sha256=cd3aaeabc0f1af66ec82a29096d4c4fb92a0a58b9dae29a22b1bbceb78985727
  dry-transformer (1.1.0) sha256=87bfe22a708aa69f3e6e76a6119aba0b42999f154e4fe7c261d4673720534da3
  dry-types (1.9.1) sha256=baebeecdb9f8395d6c9d227b62011279440943e3ef2468fe8ccc1ba11467f178
  dry-validation (1.11.1) sha256=70900bb5a2d911c8aab566d3e360c6bff389b8bf92ea8e04885ce51c41ff8085
  google-protobuf (4.35.1) sha256=a3a6471331d918f58dfa4d014a8f6286f0af2cf4840216bde52fcf2ea3fe3726
  google-protobuf (4.35.1-aarch64-linux-gnu) sha256=50ca44d0eeff3f8475e630a1accdd974256f3510694d574e2c9d6119ea8bc9e1
  google-protobuf (4.35.1-aarch64-linux-musl) sha256=d5c65cef6bd6498a9e5ed5f88cf6cf7e341c10b0a005e32137d5d1a2b6e8c18a
  google-protobuf (4.35.1-arm64-darwin) sha256=d9c957df04fa89c749fa9a72a7b383eb4296efc9b2303dc6fd6fbe39c698ad6b
  google-protobuf (4.35.1-x86-linux-gnu) sha256=cc7492566b27ad8b5dfa3a7b6f9b11e905050cc53c2fa8ff22de375a9e7a70fb
  google-protobuf (4.35.1-x86-linux-musl) sha256=ab403790b59e4dc588ffbed1eaacf05d4ca2f0d12ac9c13d6c64e69380d8c99e
  google-protobuf (4.35.1-x86_64-darwin) sha256=66b62b4df00931018a692806df66393efa960d6d2b7da69735187249f950d3ee
  google-protobuf (4.35.1-x86_64-linux-gnu) sha256=c786439087512a3fbd199e9897d265b855f951d4027e218ea55e858d45969edd
  google-protobuf (4.35.1-x86_64-linux-musl) sha256=91890eb0002934a339fdb7d77a147c46b7474b6799db27872b747b905837f744
  googleapis-common-protos-types (1.23.0) sha256=992e740a523794d9fc5f29a504465d8fc737aaa16c930fe7228e3346860faf0a
  logger (1.7.0) sha256=196edec7cc44b66cfb40f9755ce11b392f21f7967696af15d274dde7edff0203
  oj (3.17.3) sha256=ebe3967b0bb7ac4f206561d0d9ac8875b9973f778600d7b61b5c355662a707ed
  opentelemetry-api (1.10.1) sha256=5db9535a8aa9e569808518aa103b2cfac44728672a1799e1dd217fe6d9c5642e
  opentelemetry-common (0.25.1) sha256=38fe87c751e4e13fcd47a8290b4ad67bbedf76c4ed89aeced5ea5c620e66bfb1
  opentelemetry-exporter-otlp (0.34.1) sha256=4697d81e03aff80ea6fbcc741b1c3c700d3624eddea14b453602ee23275450ca
  opentelemetry-exporter-otlp-logs (0.5.1) sha256=68e7523bfae7ee107da571cc2c19e0a4873d2e7611613a3888a764ed44bcebec
  opentelemetry-exporter-otlp-metrics (0.10.0) sha256=d8cbff9b8a3391eb61486b8be9b6ad74e3b9306a3c60fb4c906b28bc857167c8
  opentelemetry-instrumentation-base (0.26.1) sha256=49e8d35d565e1a13b4a6b794a4cca4ed8c590d9b33bda5244249bd98c8673775
  opentelemetry-instrumentation-rack (0.31.1) sha256=29a9c145ce6d3fa2938f30334209787c29b581a51fdb472e2098a1d69e15536a
  opentelemetry-logs-api (0.4.1) sha256=9db6c9a0c172df4e302e490c80697ea9fc1223501f4358acfc01dd4c2307ca4a
  opentelemetry-logs-sdk (0.6.1) sha256=7fd1eccc6793948acff93bbea0dd1aa809a8579cb8fcdea8e0a6580a981a21c2
  opentelemetry-metrics-api (0.6.1) sha256=e1785d317c0b4fe5bb128ab9dd4644486107fe28fba844f5329bf3db90aaa5ec
  opentelemetry-metrics-sdk (0.15.0) sha256=611a9cd9f473c461095c7401b8c25f9774160d286a1acbfcbf044da2972aeada
  opentelemetry-registry (0.6.1) sha256=a4569df4e366742ab435634115a20169c0073db681eaea406de0dfcaf015e8d1
  opentelemetry-sdk (1.12.1) sha256=d706be6d7fa0e15b5b36916f65ca6397562b48ad05d4f9b18426d030600525ea
  opentelemetry-semantic_conventions (1.43.0) sha256=d96eb7da3bc89335786ea676b448701f566cf241a7ca56ae1e814b83816922af
  ostruct (0.6.3) sha256=95a2ed4a4bd1d190784e666b47b2d3f078e4a9efda2fccf18f84ddc6538ed912
  protocol-http (0.62.2) sha256=e1c1f2f56029c1af8c4e2b8a67d0d096c76620f3afd8d99d1dcd2f6b8ffa773b
  rack (3.2.6) sha256=5ed78e1f73b2e25679bec7d45ee2d4483cc4146eb1be0264fc4d94cb5ef212c2
  rake (13.4.2) sha256=cb825b2bd5f1f8e91ca37bddb4b9aaf345551b4731da62949be002fa89283701
  rivulet-opentelemetry (0.2.0)
  rivulet-rb (0.3.0) sha256=59bf59334493cbd6bafda24a79b264a66ef6305728930e8ebdf6e10a17a56c63
  rspec (3.13.2) sha256=206284a08ad798e61f86d7ca3e376718d52c0bc944626b2349266f239f820587
  rspec-core (3.13.6) sha256=a8823c6411667b60a8bca135364351dda34cd55e44ff94c4be4633b37d828b2d
  rspec-expectations (3.13.5) sha256=33a4d3a1d95060aea4c94e9f237030a8f9eae5615e9bd85718fe3a09e4b58836
  rspec-mocks (3.13.8) sha256=086ad3d3d17533f4237643de0b5c42f04b66348c28bf6b9c2d3f4a3b01af1d47
  rspec-support (3.13.7) sha256=0640e5570872aafefd79867901deeeeb40b0c9875a36b983d85f54fb7381c47c
  sequel (5.106.0) sha256=0e6677f230e724ecbc9b4d5fc95ef9a69997cfb24c60fff84268185e0bb254cd
  zeitwerk (2.8.2) sha256=7212a61311083c604184b1ea2574b9aa05cd14f855a0841c06985cabe9181d12

BUNDLED WITH
  4.0.8
